// !$*UTF8*$!
{
	archiveVersion = 1;
	classes = {
	};
	objectVersion = 50;
	objects = {

/* Begin PBXBuildFile section */
		4675D73865C4736E8646CDBC /* Pods_AppStoreJSONApis.framework in Frameworks */ = {isa = PBXBuildFile; fileRef = 2F40C374962EC6ABD607B0B4 /* Pods_AppStoreJSONApis.framework */; };
		E40D997922C26E3200B1DE78 /* AppDelegate.swift in Sources */ = {isa = PBXBuildFile; fileRef = E40D997822C26E3200B1DE78 /* AppDelegate.swift */; };
		E40D997B22C26E3200B1DE78 /* ViewController.swift in Sources */ = {isa = PBXBuildFile; fileRef = E40D997A22C26E3200B1DE78 /* ViewController.swift */; };
		E40D997E22C26E3200B1DE78 /* Main.storyboard in Resources */ = {isa = PBXBuildFile; fileRef = E40D997C22C26E3200B1DE78 /* Main.storyboard */; };
		E40D998022C26E3300B1DE78 /* Assets.xcassets in Resources */ = {isa = PBXBuildFile; fileRef = E40D997F22C26E3300B1DE78 /* Assets.xcassets */; };
		E40D998322C26E3300B1DE78 /* LaunchScreen.storyboard in Resources */ = {isa = PBXBuildFile; fileRef = E40D998122C26E3300B1DE78 /* LaunchScreen.storyboard */; };
		E40D998B22C26EFC00B1DE78 /* BaseTabBarController.swift in Sources */ = {isa = PBXBuildFile; fileRef = E40D998A22C26EFC00B1DE78 /* BaseTabBarController.swift */; };
		E40D998E22C2776800B1DE78 /* AppsSearchController.swift in Sources */ = {isa = PBXBuildFile; fileRef = E40D998D22C2776800B1DE78 /* AppsSearchController.swift */; };
		E40D999122C27BAF00B1DE78 /* SearchResultCell.swift in Sources */ = {isa = PBXBuildFile; fileRef = E40D999022C27BAF00B1DE78 /* SearchResultCell.swift */; };
		E40D999422C281D500B1DE78 /* UIView+Layout.swift in Sources */ = {isa = PBXBuildFile; fileRef = E40D999322C281D400B1DE78 /* UIView+Layout.swift */; };
		E40D999622C2850F00B1DE78 /* VerticalStackView.swift in Sources */ = {isa = PBXBuildFile; fileRef = E40D999522C2850F00B1DE78 /* VerticalStackView.swift */; };
		E41E64F622CB228D00DFDA89 /* SearchResult.swift in Sources */ = {isa = PBXBuildFile; fileRef = E41E64F522CB228D00DFDA89 /* SearchResult.swift */; };
		E41E64F922CB261C00DFDA89 /* Service.swift in Sources */ = {isa = PBXBuildFile; fileRef = E41E64F822CB261C00DFDA89 /* Service.swift */; };
		E41E64FC22CB454000DFDA89 /* AppsPageController.swift in Sources */ = {isa = PBXBuildFile; fileRef = E41E64FB22CB454000DFDA89 /* AppsPageController.swift */; };
		E41E64FE22CB461700DFDA89 /* BaseListController.swift in Sources */ = {isa = PBXBuildFile; fileRef = E41E64FD22CB461700DFDA89 /* BaseListController.swift */; };
		E41E650222CB478600DFDA89 /* AppsGroupCell.swift in Sources */ = {isa = PBXBuildFile; fileRef = E41E650122CB478600DFDA89 /* AppsGroupCell.swift */; };
		E41E650422CB4A8C00DFDA89 /* AppsHorizontalController.swift in Sources */ = {isa = PBXBuildFile; fileRef = E41E650322CB4A8C00DFDA89 /* AppsHorizontalController.swift */; };
		E41E650622CB507E00DFDA89 /* AppRowCell.swift in Sources */ = {isa = PBXBuildFile; fileRef = E41E650522CB507E00DFDA89 /* AppRowCell.swift */; };
		E41E650822CB514A00DFDA89 /* Extensions.swift in Sources */ = {isa = PBXBuildFile; fileRef = E41E650722CB514A00DFDA89 /* Extensions.swift */; };
		E41E650A22CB5FAC00DFDA89 /* AppsPageHeader.swift in Sources */ = {isa = PBXBuildFile; fileRef = E41E650922CB5FAC00DFDA89 /* AppsPageHeader.swift */; };
		E41E650C22CB627700DFDA89 /* AppsHeaderHorizontalController.swift in Sources */ = {isa = PBXBuildFile; fileRef = E41E650B22CB627700DFDA89 /* AppsHeaderHorizontalController.swift */; };
		E41E650E22CB645100DFDA89 /* AppsHeaderCell.swift in Sources */ = {isa = PBXBuildFile; fileRef = E41E650D22CB645100DFDA89 /* AppsHeaderCell.swift */; };
		E41E651022CB6B7000DFDA89 /* AppGroup.swift in Sources */ = {isa = PBXBuildFile; fileRef = E41E650F22CB6B7000DFDA89 /* AppGroup.swift */; };
		E41E651222CB7D9500DFDA89 /* SocialApp.swift in Sources */ = {isa = PBXBuildFile; fileRef = E41E651122CB7D9500DFDA89 /* SocialApp.swift */; };
		E41E651422CC975800DFDA89 /* HorizontalSnappingController.swift in Sources */ = {isa = PBXBuildFile; fileRef = E41E651322CC975800DFDA89 /* HorizontalSnappingController.swift */; };
		E41E651622CC9B6300DFDA89 /* BetterSnappingLayout.swift in Sources */ = {isa = PBXBuildFile; fileRef = E41E651522CC9B6300DFDA89 /* BetterSnappingLayout.swift */; };
/* End PBXBuildFile section */

/* Begin PBXFileReference section */
		2F40C374962EC6ABD607B0B4 /* Pods_AppStoreJSONApis.framework */ = {isa = PBXFileReference; explicitFileType = wrapper.framework; includeInIndex = 0; path = Pods_AppStoreJSONApis.framework; sourceTree = BUILT_PRODUCTS_DIR; };
		A055AEB22CC278F0952718BA /* Pods-AppStoreJSONApis.release.xcconfig */ = {isa = PBXFileReference; includeInIndex = 1; lastKnownFileType = text.xcconfig; name = "Pods-AppStoreJSONApis.release.xcconfig"; path = "Target Support Files/Pods-AppStoreJSONApis/Pods-AppStoreJSONApis.release.xcconfig"; sourceTree = "<group>"; };
		E40D997522C26E3200B1DE78 /* AppStoreJSONApis.app */ = {isa = PBXFileReference; explicitFileType = wrapper.application; includeInIndex = 0; path = AppStoreJSONApis.app; sourceTree = BUILT_PRODUCTS_DIR; };
		E40D997822C26E3200B1DE78 /* AppDelegate.swift */ = {isa = PBXFileReference; lastKnownFileType = sourcecode.swift; path = AppDelegate.swift; sourceTree = "<group>"; };
		E40D997A22C26E3200B1DE78 /* ViewController.swift */ = {isa = PBXFileReference; lastKnownFileType = sourcecode.swift; path = ViewController.swift; sourceTree = "<group>"; };
		E40D997D22C26E3200B1DE78 /* Base */ = {isa = PBXFileReference; lastKnownFileType = file.storyboard; name = Base; path = Base.lproj/Main.storyboard; sourceTree = "<group>"; };
		E40D997F22C26E3300B1DE78 /* Assets.xcassets */ = {isa = PBXFileReference; lastKnownFileType = folder.assetcatalog; path = Assets.xcassets; sourceTree = "<group>"; };
		E40D998222C26E3300B1DE78 /* Base */ = {isa = PBXFileReference; lastKnownFileType = file.storyboard; name = Base; path = Base.lproj/LaunchScreen.storyboard; sourceTree = "<group>"; };
		E40D998422C26E3300B1DE78 /* Info.plist */ = {isa = PBXFileReference; lastKnownFileType = text.plist.xml; path = Info.plist; sourceTree = "<group>"; };
		E40D998A22C26EFC00B1DE78 /* BaseTabBarController.swift */ = {isa = PBXFileReference; lastKnownFileType = sourcecode.swift; path = BaseTabBarController.swift; sourceTree = "<group>"; };
		E40D998D22C2776800B1DE78 /* AppsSearchController.swift */ = {isa = PBXFileReference; lastKnownFileType = sourcecode.swift; path = AppsSearchController.swift; sourceTree = "<group>"; };
		E40D999022C27BAF00B1DE78 /* SearchResultCell.swift */ = {isa = PBXFileReference; lastKnownFileType = sourcecode.swift; path = SearchResultCell.swift; sourceTree = "<group>"; };
		E40D999322C281D400B1DE78 /* UIView+Layout.swift */ = {isa = PBXFileReference; fileEncoding = 4; lastKnownFileType = sourcecode.swift; path = "UIView+Layout.swift"; sourceTree = "<group>"; };
		E40D999522C2850F00B1DE78 /* VerticalStackView.swift */ = {isa = PBXFileReference; lastKnownFileType = sourcecode.swift; path = VerticalStackView.swift; sourceTree = "<group>"; };
		E41E64F522CB228D00DFDA89 /* SearchResult.swift */ = {isa = PBXFileReference; lastKnownFileType = sourcecode.swift; path = SearchResult.swift; sourceTree = "<group>"; };
		E41E64F822CB261C00DFDA89 /* Service.swift */ = {isa = PBXFileReference; lastKnownFileType = sourcecode.swift; path = Service.swift; sourceTree = "<group>"; };
		E41E64FB22CB454000DFDA89 /* AppsPageController.swift */ = {isa = PBXFileReference; lastKnownFileType = sourcecode.swift; path = AppsPageController.swift; sourceTree = "<group>"; };
		E41E64FD22CB461700DFDA89 /* BaseListController.swift */ = {isa = PBXFileReference; lastKnownFileType = sourcecode.swift; path = BaseListController.swift; sourceTree = "<group>"; };
		E41E650122CB478600DFDA89 /* AppsGroupCell.swift */ = {isa = PBXFileReference; lastKnownFileType = sourcecode.swift; path = AppsGroupCell.swift; sourceTree = "<group>"; };
		E41E650322CB4A8C00DFDA89 /* AppsHorizontalController.swift */ = {isa = PBXFileReference; lastKnownFileType = sourcecode.swift; path = AppsHorizontalController.swift; sourceTree = "<group>"; };
		E41E650522CB507E00DFDA89 /* AppRowCell.swift */ = {isa = PBXFileReference; lastKnownFileType = sourcecode.swift; path = AppRowCell.swift; sourceTree = "<group>"; };
		E41E650722CB514A00DFDA89 /* Extensions.swift */ = {isa = PBXFileReference; lastKnownFileType = sourcecode.swift; path = Extensions.swift; sourceTree = "<group>"; };
		E41E650922CB5FAC00DFDA89 /* AppsPageHeader.swift */ = {isa = PBXFileReference; lastKnownFileType = sourcecode.swift; path = AppsPageHeader.swift; sourceTree = "<group>"; };
		E41E650B22CB627700DFDA89 /* AppsHeaderHorizontalController.swift */ = {isa = PBXFileReference; lastKnownFileType = sourcecode.swift; path = AppsHeaderHorizontalController.swift; sourceTree = "<group>"; };
		E41E650D22CB645100DFDA89 /* AppsHeaderCell.swift */ = {isa = PBXFileReference; lastKnownFileType = sourcecode.swift; path = AppsHeaderCell.swift; sourceTree = "<group>"; };
		E41E650F22CB6B7000DFDA89 /* AppGroup.swift */ = {isa = PBXFileReference; lastKnownFileType = sourcecode.swift; path = AppGroup.swift; sourceTree = "<group>"; };
		E41E651122CB7D9500DFDA89 /* SocialApp.swift */ = {isa = PBXFileReference; lastKnownFileType = sourcecode.swift; path = SocialApp.swift; sourceTree = "<group>"; };
		E41E651322CC975800DFDA89 /* HorizontalSnappingController.swift */ = {isa = PBXFileReference; lastKnownFileType = sourcecode.swift; path = HorizontalSnappingController.swift; sourceTree = "<group>"; };
		E41E651522CC9B6300DFDA89 /* BetterSnappingLayout.swift */ = {isa = PBXFileReference; lastKnownFileType = sourcecode.swift; path = BetterSnappingLayout.swift; sourceTree = "<group>"; };
		EF9063BB2A6CBDB20381D280 /* Pods-AppStoreJSONApis.debug.xcconfig */ = {isa = PBXFileReference; includeInIndex = 1; lastKnownFileType = text.xcconfig; name = "Pods-AppStoreJSONApis.debug.xcconfig"; path = "Target Support Files/Pods-AppStoreJSONApis/Pods-AppStoreJSONApis.debug.xcconfig"; sourceTree = "<group>"; };
/* End PBXFileReference section */

/* Begin PBXFrameworksBuildPhase section */
		E40D997222C26E3200B1DE78 /* Frameworks */ = {
			isa = PBXFrameworksBuildPhase;
			buildActionMask = 2147483647;
			files = (
				4675D73865C4736E8646CDBC /* Pods_AppStoreJSONApis.framework in Frameworks */,
			);
			runOnlyForDeploymentPostprocessing = 0;
		};
/* End PBXFrameworksBuildPhase section */

/* Begin PBXGroup section */
		61D267CE789EF923912B9DBC /* Pods */ = {
			isa = PBXGroup;
			children = (
				EF9063BB2A6CBDB20381D280 /* Pods-AppStoreJSONApis.debug.xcconfig */,
				A055AEB22CC278F0952718BA /* Pods-AppStoreJSONApis.release.xcconfig */,
			);
			path = Pods;
			sourceTree = "<group>";
		};
		853876C5C63F4668736951AD /* Frameworks */ = {
			isa = PBXGroup;
			children = (
				2F40C374962EC6ABD607B0B4 /* Pods_AppStoreJSONApis.framework */,
			);
			name = Frameworks;
			sourceTree = "<group>";
		};
		E40D996C22C26E3200B1DE78 = {
			isa = PBXGroup;
			children = (
				E40D997722C26E3200B1DE78 /* AppStoreJSONApis */,
				E40D997622C26E3200B1DE78 /* Products */,
				61D267CE789EF923912B9DBC /* Pods */,
				853876C5C63F4668736951AD /* Frameworks */,
			);
			sourceTree = "<group>";
		};
		E40D997622C26E3200B1DE78 /* Products */ = {
			isa = PBXGroup;
			children = (
				E40D997522C26E3200B1DE78 /* AppStoreJSONApis.app */,
			);
			name = Products;
			sourceTree = "<group>";
		};
		E40D997722C26E3200B1DE78 /* AppStoreJSONApis */ = {
			isa = PBXGroup;
			children = (
				E41E64F722CB261000DFDA89 /* Service */,
				E41E64F422CB227600DFDA89 /* Model */,
				E40D999222C281A100B1DE78 /* Helpers */,
				E40D998F22C27B7B00B1DE78 /* Views */,
				E40D998C22C2771700B1DE78 /* Controller */,
				E40D997822C26E3200B1DE78 /* AppDelegate.swift */,
				E40D997A22C26E3200B1DE78 /* ViewController.swift */,
				E40D997C22C26E3200B1DE78 /* Main.storyboard */,
				E40D997F22C26E3300B1DE78 /* Assets.xcassets */,
				E40D998122C26E3300B1DE78 /* LaunchScreen.storyboard */,
				E40D998422C26E3300B1DE78 /* Info.plist */,
			);
			path = AppStoreJSONApis;
			sourceTree = "<group>";
		};
		E40D998C22C2771700B1DE78 /* Controller */ = {
			isa = PBXGroup;
			children = (
				E41E64FF22CB467100DFDA89 /* Search */,
				E41E64FA22CB452700DFDA89 /* Apps */,
				E40D998A22C26EFC00B1DE78 /* BaseTabBarController.swift */,
				E41E64FD22CB461700DFDA89 /* BaseListController.swift */,
				E41E651322CC975800DFDA89 /* HorizontalSnappingController.swift */,
			);
			path = Controller;
			sourceTree = "<group>";
		};
		E40D998F22C27B7B00B1DE78 /* Views */ = {
			isa = PBXGroup;
			children = (
				E41E650022CB477000DFDA89 /* Apps */,
				E40D999022C27BAF00B1DE78 /* SearchResultCell.swift */,
			);
			path = Views;
			sourceTree = "<group>";
		};
		E40D999222C281A100B1DE78 /* Helpers */ = {
			isa = PBXGroup;
			children = (
				E40D999322C281D400B1DE78 /* UIView+Layout.swift */,
				E40D999522C2850F00B1DE78 /* VerticalStackView.swift */,
				E41E650722CB514A00DFDA89 /* Extensions.swift */,
				E41E651522CC9B6300DFDA89 /* BetterSnappingLayout.swift */,
			);
			path = Helpers;
			sourceTree = "<group>";
		};
		E41E64F422CB227600DFDA89 /* Model */ = {
			isa = PBXGroup;
			children = (
				E41E64F522CB228D00DFDA89 /* SearchResult.swift */,
				E41E650F22CB6B7000DFDA89 /* AppGroup.swift */,
				E41E651122CB7D9500DFDA89 /* SocialApp.swift */,
			);
			path = Model;
			sourceTree = "<group>";
		};
		E41E64F722CB261000DFDA89 /* Service */ = {
			isa = PBXGroup;
			children = (
				E41E64F822CB261C00DFDA89 /* Service.swift */,
			);
			path = Service;
			sourceTree = "<group>";
		};
		E41E64FA22CB452700DFDA89 /* Apps */ = {
			isa = PBXGroup;
			children = (
				E41E64FB22CB454000DFDA89 /* AppsPageController.swift */,
				E41E650322CB4A8C00DFDA89 /* AppsHorizontalController.swift */,
				E41E650B22CB627700DFDA89 /* AppsHeaderHorizontalController.swift */,
			);
			path = Apps;
			sourceTree = "<group>";
		};
		E41E64FF22CB467100DFDA89 /* Search */ = {
			isa = PBXGroup;
			children = (
				E40D998D22C2776800B1DE78 /* AppsSearchController.swift */,
			);
			path = Search;
			sourceTree = "<group>";
		};
		E41E650022CB477000DFDA89 /* Apps */ = {
			isa = PBXGroup;
			children = (
				E41E650122CB478600DFDA89 /* AppsGroupCell.swift */,
				E41E650522CB507E00DFDA89 /* AppRowCell.swift */,
				E41E650922CB5FAC00DFDA89 /* AppsPageHeader.swift */,
				E41E650D22CB645100DFDA89 /* AppsHeaderCell.swift */,
			);
			path = Apps;
			sourceTree = "<group>";
		};
/* End PBXGroup section */

/* Begin PBXNativeTarget section */
		E40D997422C26E3200B1DE78 /* AppStoreJSONApis */ = {
			isa = PBXNativeTarget;
			buildConfigurationList = E40D998722C26E3300B1DE78 /* Build configuration list for PBXNativeTarget "AppStoreJSONApis" */;
			buildPhases = (
				5EFF63CAAE6B9CE1DCA4B930 /* [CP] Check Pods Manifest.lock */,
				E40D997122C26E3200B1DE78 /* Sources */,
				E40D997222C26E3200B1DE78 /* Frameworks */,
				E40D997322C26E3200B1DE78 /* Resources */,
				F39623DFAFB9A90E27C695D5 /* [CP] Embed Pods Frameworks */,
			);
			buildRules = (
			);
			dependencies = (
			);
			name = AppStoreJSONApis;
			productName = AppStoreJSONApis;
			productReference = E40D997522C26E3200B1DE78 /* AppStoreJSONApis.app */;
			productType = "com.apple.product-type.application";
		};
/* End PBXNativeTarget section */

/* Begin PBXProject section */
		E40D996D22C26E3200B1DE78 /* Project object */ = {
			isa = PBXProject;
			attributes = {
				LastSwiftUpdateCheck = 1020;
				LastUpgradeCheck = 1020;
				ORGANIZATIONNAME = "Daniyar Erkinov";
				TargetAttributes = {
					E40D997422C26E3200B1DE78 = {
						CreatedOnToolsVersion = 10.2.1;
					};
				};
			};
			buildConfigurationList = E40D997022C26E3200B1DE78 /* Build configuration list for PBXProject "AppStoreJSONApis" */;
			compatibilityVersion = "Xcode 9.3";
			developmentRegion = en;
			hasScannedForEncodings = 0;
			knownRegions = (
				en,
				Base,
			);
			mainGroup = E40D996C22C26E3200B1DE78;
			productRefGroup = E40D997622C26E3200B1DE78 /* Products */;
			projectDirPath = "";
			projectRoot = "";
			targets = (
				E40D997422C26E3200B1DE78 /* AppStoreJSONApis */,
			);
		};
/* End PBXProject section */

/* Begin PBXResourcesBuildPhase section */
		E40D997322C26E3200B1DE78 /* Resources */ = {
			isa = PBXResourcesBuildPhase;
			buildActionMask = 2147483647;
			files = (
				E40D998322C26E3300B1DE78 /* LaunchScreen.storyboard in Resources */,
				E40D998022C26E3300B1DE78 /* Assets.xcassets in Resources */,
				E40D997E22C26E3200B1DE78 /* Main.storyboard in Resources */,
			);
			runOnlyForDeploymentPostprocessing = 0;
		};
/* End PBXResourcesBuildPhase section */

/* Begin PBXShellScriptBuildPhase section */
		5EFF63CAAE6B9CE1DCA4B930 /* [CP] Check Pods Manifest.lock */ = {
			isa = PBXShellScriptBuildPhase;
			buildActionMask = 2147483647;
			files = (
			);
			inputFileListPaths = (
			);
			inputPaths = (
				"${PODS_PODFILE_DIR_PATH}/Podfile.lock",
				"${PODS_ROOT}/Manifest.lock",
			);
			name = "[CP] Check Pods Manifest.lock";
			outputFileListPaths = (
			);
			outputPaths = (
				"$(DERIVED_FILE_DIR)/Pods-AppStoreJSONApis-checkManifestLockResult.txt",
			);
			runOnlyForDeploymentPostprocessing = 0;
			shellPath = /bin/sh;
			shellScript = "diff \"${PODS_PODFILE_DIR_PATH}/Podfile.lock\" \"${PODS_ROOT}/Manifest.lock\" > /dev/null\nif [ $? != 0 ] ; then\n    # print error to STDERR\n    echo \"error: The sandbox is not in sync with the Podfile.lock. Run 'pod install' or update your CocoaPods installation.\" >&2\n    exit 1\nfi\n# This output is used by Xcode 'outputs' to avoid re-running this script phase.\necho \"SUCCESS\" > \"${SCRIPT_OUTPUT_FILE_0}\"\n";
			showEnvVarsInLog = 0;
		};
		F39623DFAFB9A90E27C695D5 /* [CP] Embed Pods Frameworks */ = {
			isa = PBXShellScriptBuildPhase;
			buildActionMask = 2147483647;
			files = (
			);
			inputFileListPaths = (
			);
			inputPaths = (
				"${PODS_ROOT}/Target Support Files/Pods-AppStoreJSONApis/Pods-AppStoreJSONApis-frameworks.sh",
				"${BUILT_PRODUCTS_DIR}/SDWebImage/SDWebImage.framework",
			);
			name = "[CP] Embed Pods Frameworks";
			outputFileListPaths = (
			);
			outputPaths = (
				"${TARGET_BUILD_DIR}/${FRAMEWORKS_FOLDER_PATH}/SDWebImage.framework",
			);
			runOnlyForDeploymentPostprocessing = 0;
			shellPath = /bin/sh;
			shellScript = "\"${PODS_ROOT}/Target Support Files/Pods-AppStoreJSONApis/Pods-AppStoreJSONApis-frameworks.sh\"\n";
			showEnvVarsInLog = 0;
		};
/* End PBXShellScriptBuildPhase section */

/* Begin PBXSourcesBuildPhase section */
		E40D997122C26E3200B1DE78 /* Sources */ = {
			isa = PBXSourcesBuildPhase;
			buildActionMask = 2147483647;
			files = (
				E40D997B22C26E3200B1DE78 /* ViewController.swift in Sources */,
				E41E651622CC9B6300DFDA89 /* BetterSnappingLayout.swift in Sources */,
				E40D997922C26E3200B1DE78 /* AppDelegate.swift in Sources */,
				E41E651222CB7D9500DFDA89 /* SocialApp.swift in Sources */,
				E41E64F622CB228D00DFDA89 /* SearchResult.swift in Sources */,
				E41E651022CB6B7000DFDA89 /* AppGroup.swift in Sources */,
				E41E64FC22CB454000DFDA89 /* AppsPageController.swift in Sources */,
				E41E650E22CB645100DFDA89 /* AppsHeaderCell.swift in Sources */,
				E40D998B22C26EFC00B1DE78 /* BaseTabBarController.swift in Sources */,
				E41E64FE22CB461700DFDA89 /* BaseListController.swift in Sources */,
				E41E650622CB507E00DFDA89 /* AppRowCell.swift in Sources */,
				E40D998E22C2776800B1DE78 /* AppsSearchController.swift in Sources */,
				E41E650222CB478600DFDA89 /* AppsGroupCell.swift in Sources */,
				E41E650A22CB5FAC00DFDA89 /* AppsPageHeader.swift in Sources */,
				E41E64F922CB261C00DFDA89 /* Service.swift in Sources */,
				E41E650822CB514A00DFDA89 /* Extensions.swift in Sources */,
				E40D999422C281D500B1DE78 /* UIView+Layout.swift in Sources */,
				E40D999122C27BAF00B1DE78 /* SearchResultCell.swift in Sources */,
				E41E651422CC975800DFDA89 /* HorizontalSnappingController.swift in Sources */,
				E41E650422CB4A8C00DFDA89 /* AppsHorizontalController.swift in Sources */,
				E40D999622C2850F00B1DE78 /* VerticalStackView.swift in Sources */,
				E41E650C22CB627700DFDA89 /* AppsHeaderHorizontalController.swift in Sources */,
			);
			runOnlyForDeploymentPostprocessing = 0;
		};
/* End PBXSourcesBuildPhase section */

/* Begin PBXVariantGroup section */
		E40D997C22C26E3200B1DE78 /* Main.storyboard */ = {
			isa = PBXVariantGroup;
			children = (
				E40D997D22C26E3200B1DE78 /* Base */,
			);
			name = Main.storyboard;
			sourceTree = "<group>";
		};
		E40D998122C26E3300B1DE78 /* LaunchScreen.storyboard */ = {
			isa = PBXVariantGroup;
			children = (
				E40D998222C26E3300B1DE78 /* Base */,
			);
			name = LaunchScreen.storyboard;
			sourceTree = "<group>";
		};
/* End PBXVariantGroup section */

/* Begin XCBuildConfiguration section */
		E40D998522C26E3300B1DE78 /* Debug */ = {
			isa = XCBuildConfiguration;
			buildSettings = {
				ALWAYS_SEARCH_USER_PATHS = NO;
				CLANG_ANALYZER_NONNULL = YES;
				CLANG_ANALYZER_NUMBER_OBJECT_CONVERSION = YES_AGGRESSIVE;
				CLANG_CXX_LANGUAGE_STANDARD = "gnu++14";
				CLANG_CXX_LIBRARY = "libc++";
				CLANG_ENABLE_MODULES = YES;
				CLANG_ENABLE_OBJC_ARC = YES;
				CLANG_ENABLE_OBJC_WEAK = YES;
				CLANG_WARN_BLOCK_CAPTURE_AUTORELEASING = YES;
				CLANG_WARN_BOOL_CONVERSION = YES;
				CLANG_WARN_COMMA = YES;
				CLANG_WARN_CONSTANT_CONVERSION = YES;
				CLANG_WARN_DEPRECATED_OBJC_IMPLEMENTATIONS = YES;
				CLANG_WARN_DIRECT_OBJC_ISA_USAGE = YES_ERROR;
				CLANG_WARN_DOCUMENTATION_COMMENTS = YES;
				CLANG_WARN_EMPTY_BODY = YES;
				CLANG_WARN_ENUM_CONVERSION = YES;
				CLANG_WARN_INFINITE_RECURSION = YES;
				CLANG_WARN_INT_CONVERSION = YES;
				CLANG_WARN_NON_LITERAL_NULL_CONVERSION = YES;
				CLANG_WARN_OBJC_IMPLICIT_RETAIN_SELF = YES;
				CLANG_WARN_OBJC_LITERAL_CONVERSION = YES;
				CLANG_WARN_OBJC_ROOT_CLASS = YES_ERROR;
				CLANG_WARN_RANGE_LOOP_ANALYSIS = YES;
				CLANG_WARN_STRICT_PROTOTYPES = YES;
				CLANG_WARN_SUSPICIOUS_MOVE = YES;
				CLANG_WARN_UNGUARDED_AVAILABILITY = YES_AGGRESSIVE;
				CLANG_WARN_UNREACHABLE_CODE = YES;
				CLANG_WARN__DUPLICATE_METHOD_MATCH = YES;
				CODE_SIGN_IDENTITY = "iPhone Developer";
				COPY_PHASE_STRIP = NO;
				DEBUG_INFORMATION_FORMAT = dwarf;
				ENABLE_STRICT_OBJC_MSGSEND = YES;
				ENABLE_TESTABILITY = YES;
				GCC_C_LANGUAGE_STANDARD = gnu11;
				GCC_DYNAMIC_NO_PIC = NO;
				GCC_NO_COMMON_BLOCKS = YES;
				GCC_OPTIMIZATION_LEVEL = 0;
				GCC_PREPROCESSOR_DEFINITIONS = (
					"DEBUG=1",
					"$(inherited)",
				);
				GCC_WARN_64_TO_32_BIT_CONVERSION = YES;
				GCC_WARN_ABOUT_RETURN_TYPE = YES_ERROR;
				GCC_WARN_UNDECLARED_SELECTOR = YES;
				GCC_WARN_UNINITIALIZED_AUTOS = YES_AGGRESSIVE;
				GCC_WARN_UNUSED_FUNCTION = YES;
				GCC_WARN_UNUSED_VARIABLE = YES;
				IPHONEOS_DEPLOYMENT_TARGET = 12.2;
				MTL_ENABLE_DEBUG_INFO = INCLUDE_SOURCE;
				MTL_FAST_MATH = YES;
				ONLY_ACTIVE_ARCH = YES;
				SDKROOT = iphoneos;
				SWIFT_ACTIVE_COMPILATION_CONDITIONS = DEBUG;
				SWIFT_OPTIMIZATION_LEVEL = "-Onone";
			};
			name = Debug;
		};
		E40D998622C26E3300B1DE78 /* Release */ = {
			isa = XCBuildConfiguration;
			buildSettings = {
				ALWAYS_SEARCH_USER_PATHS = NO;
				CLANG_ANALYZER_NONNULL = YES;
				CLANG_ANALYZER_NUMBER_OBJECT_CONVERSION = YES_AGGRESSIVE;
				CLANG_CXX_LANGUAGE_STANDARD = "gnu++14";
				CLANG_CXX_LIBRARY = "libc++";
				CLANG_ENABLE_MODULES = YES;
				CLANG_ENABLE_OBJC_ARC = YES;
				CLANG_ENABLE_OBJC_WEAK = YES;
				CLANG_WARN_BLOCK_CAPTURE_AUTORELEASING = YES;
				CLANG_WARN_BOOL_CONVERSION = YES;
				CLANG_WARN_COMMA = YES;
				CLANG_WARN_CONSTANT_CONVERSION = YES;
				CLANG_WARN_DEPRECATED_OBJC_IMPLEMENTATIONS = YES;
				CLANG_WARN_DIRECT_OBJC_ISA_USAGE = YES_ERROR;
				CLANG_WARN_DOCUMENTATION_COMMENTS = YES;
				CLANG_WARN_EMPTY_BODY = YES;
				CLANG_WARN_ENUM_CONVERSION = YES;
				CLANG_WARN_INFINITE_RECURSION = YES;
				CLANG_WARN_INT_CONVERSION = YES;
				CLANG_WARN_NON_LITERAL_NULL_CONVERSION = YES;
				CLANG_WARN_OBJC_IMPLICIT_RETAIN_SELF = YES;
				CLANG_WARN_OBJC_LITERAL_CONVERSION = YES;
				CLANG_WARN_OBJC_ROOT_CLASS = YES_ERROR;
				CLANG_WARN_RANGE_LOOP_ANALYSIS = YES;
				CLANG_WARN_STRICT_PROTOTYPES = YES;
				CLANG_WARN_SUSPICIOUS_MOVE = YES;
				CLANG_WARN_UNGUARDED_AVAILABILITY = YES_AGGRESSIVE;
				CLANG_WARN_UNREACHABLE_CODE = YES;
				CLANG_WARN__DUPLICATE_METHOD_MATCH = YES;
				CODE_SIGN_IDENTITY = "iPhone Developer";
				COPY_PHASE_STRIP = NO;
				DEBUG_INFORMATION_FORMAT = "dwarf-with-dsym";
				ENABLE_NS_ASSERTIONS = NO;
				ENABLE_STRICT_OBJC_MSGSEND = YES;
				GCC_C_LANGUAGE_STANDARD = gnu11;
				GCC_NO_COMMON_BLOCKS = YES;
				GCC_WARN_64_TO_32_BIT_CONVERSION = YES;
				GCC_WARN_ABOUT_RETURN_TYPE = YES_ERROR;
				GCC_WARN_UNDECLARED_SELECTOR = YES;
				GCC_WARN_UNINITIALIZED_AUTOS = YES_AGGRESSIVE;
				GCC_WARN_UNUSED_FUNCTION = YES;
				GCC_WARN_UNUSED_VARIABLE = YES;
				IPHONEOS_DEPLOYMENT_TARGET = 12.2;
				MTL_ENABLE_DEBUG_INFO = NO;
				MTL_FAST_MATH = YES;
				SDKROOT = iphoneos;
				SWIFT_COMPILATION_MODE = wholemodule;
				SWIFT_OPTIMIZATION_LEVEL = "-O";
				VALIDATE_PRODUCT = YES;
			};
			name = Release;
		};
		E40D998822C26E3300B1DE78 /* Debug */ = {
			isa = XCBuildConfiguration;
			baseConfigurationReference = EF9063BB2A6CBDB20381D280 /* Pods-AppStoreJSONApis.debug.xcconfig */;
			buildSettings = {
				ASSETCATALOG_COMPILER_APPICON_NAME = AppIcon;
				CODE_SIGN_STYLE = Automatic;
				DEVELOPMENT_TEAM = UG52XXUG9P;
				INFOPLIST_FILE = AppStoreJSONApis/Info.plist;
				LD_RUNPATH_SEARCH_PATHS = (
					"$(inherited)",
					"@executable_path/Frameworks",
				);
				PRODUCT_BUNDLE_IDENTIFIER = com.danchopon.AppStoreJSONApis;
				PRODUCT_NAME = "$(TARGET_NAME)";
				SWIFT_VERSION = 5.0;
				TARGETED_DEVICE_FAMILY = "1,2";
			};
			name = Debug;
		};
		E40D998922C26E3300B1DE78 /* Release */ = {
			isa = XCBuildConfiguration;
			baseConfigurationReference = A055AEB22CC278F0952718BA /* Pods-AppStoreJSONApis.release.xcconfig */;
			buildSettings = {
				ASSETCATALOG_COMPILER_APPICON_NAME = AppIcon;
				CODE_SIGN_STYLE = Automatic;
				DEVELOPMENT_TEAM = UG52XXUG9P;
				INFOPLIST_FILE = AppStoreJSONApis/Info.plist;
				LD_RUNPATH_SEARCH_PATHS = (
					"$(inherited)",
					"@executable_path/Frameworks",
				);
				PRODUCT_BUNDLE_IDENTIFIER = com.danchopon.AppStoreJSONApis;
				PRODUCT_NAME = "$(TARGET_NAME)";
				SWIFT_VERSION = 5.0;
				TARGETED_DEVICE_FAMILY = "1,2";
			};
			name = Release;
		};
/* End XCBuildConfiguration section */

/* Begin XCConfigurationList section */
		E40D997022C26E3200B1DE78 /* Build configuration list for PBXProject "AppStoreJSONApis" */ = {
			isa = XCConfigurationList;
			buildConfigurations = (
				E40D998522C26E3300B1DE78 /* Debug */,
				E40D998622C26E3300B1DE78 /* Release */,
			);
			defaultConfigurationIsVisible = 0;
			defaultConfigurationName = Release;
		};
		E40D998722C26E3300B1DE78 /* Build configuration list for PBXNativeTarget "AppStoreJSONApis" */ = {
			isa = XCConfigurationList;
			buildConfigurations = (
				E40D998822C26E3300B1DE78 /* Debug */,
				E40D998922C26E3300B1DE78 /* Release */,
			);
			defaultConfigurationIsVisible = 0;
			defaultConfigurationName = Release;
		};
/* End XCConfigurationList section */
	};
	rootObject = E40D996D22C26E3200B1DE78 /* Project object */;
}
